
Microsoft Visual Studio Solution File, Format Version 12.00
# Visual Studio 15
VisualStudioVersion = 15.0.27703.2018
MinimumVisualStudioVersion = 10.0.40219.1
Project("{FAE04EC0-301F-11D3-BF4B-00C04F79EFBC}") = "Task4", "Task4\Task4.csproj", "{0BF4AF16-78F2-4AAF-9579-740DE4D9B833}"
EndProject
Global
	GlobalSection(SolutionConfigurationPlatforms) = preSolution
		Debug|Any CPU = Debug|Any CPU
		Release|Any CPU = Release|Any CPU
	EndGlobalSection
	GlobalSection(ProjectConfigurationPlatforms) = postSolution
		{0BF4AF16-78F2-4AAF-9579-740DE4D9B833}.Debug|Any CPU.ActiveCfg = Debug|Any CPU
		{0BF4AF16-78F2-4AAF-9579-740DE4D9B833}.Debug|Any CPU.Build.0 = Debug|Any CPU
		{0BF4AF16-78F2-4AAF-9579-740DE4D9B833}.Release|Any CPU.ActiveCfg = Release|Any CPU
		{0BF4AF16-78F2-4AAF-9579-740DE4D9B833}.Release|Any CPU.Build.0 = Release|Any CPU
	EndGlobalSection
	GlobalSection(SolutionProperties) = preSolution
		HideSolutionNode = FALSE
	EndGlobalSection
	GlobalSection(ExtensibilityGlobals) = postSolution
		SolutionGuid = {3A710DF7-C55D-44A5-BF68-ABDFD017F136}
	EndGlobalSection
EndGlobal
